// !$*UTF8*$!
{
	archiveVersion = 1;
	classes = {
	};
	objectVersion = 46;
	objects = {

/* Begin PBXBuildFile section */
		200F2E331C037E200008DF31 /* PMCategorySelectionController.swift in Sources */ = {isa = PBXBuildFile; fileRef = 200F2E321C037E200008DF31 /* PMCategorySelectionController.swift */; };
		62F0BDD9A882953400E4BA93 /* libPods-PasswordMenu.a in Frameworks */ = {isa = PBXBuildFile; fileRef = 55C263B1656F4F4300A1667E /* libPods-PasswordMenu.a */; };
		B240B7211BFEF57700168CA0 /* PMDetailControllerCell.swift in Sources */ = {isa = PBXBuildFile; fileRef = B240B7201BFEF57700168CA0 /* PMDetailControllerCell.swift */; };
		B263DC011BFB2A8200CD8D9A /* AppDelegate.swift in Sources */ = {isa = PBXBuildFile; fileRef = B263DC001BFB2A8200CD8D9A /* AppDelegate.swift */; };
		B263DC061BFB2A8200CD8D9A /* Main.storyboard in Resources */ = {isa = PBXBuildFile; fileRef = B263DC041BFB2A8200CD8D9A /* Main.storyboard */; };
		B263DC081BFB2A8200CD8D9A /* Assets.xcassets in Resources */ = {isa = PBXBuildFile; fileRef = B263DC071BFB2A8200CD8D9A /* Assets.xcassets */; };
		B263DC0B1BFB2A8200CD8D9A /* LaunchScreen.storyboard in Resources */ = {isa = PBXBuildFile; fileRef = B263DC091BFB2A8200CD8D9A /* LaunchScreen.storyboard */; };
		B263DC161BFB2A8200CD8D9A /* PasswordMenuTests.swift in Sources */ = {isa = PBXBuildFile; fileRef = B263DC151BFB2A8200CD8D9A /* PasswordMenuTests.swift */; };
		B263DC211BFB2A8200CD8D9A /* PasswordMenuUITests.swift in Sources */ = {isa = PBXBuildFile; fileRef = B263DC201BFB2A8200CD8D9A /* PasswordMenuUITests.swift */; };
		B263DC3B1BFB2F5A00CD8D9A /* PMSideMenu.swift in Sources */ = {isa = PBXBuildFile; fileRef = B263DC371BFB2F5A00CD8D9A /* PMSideMenu.swift */; };
		B263DC3C1BFB2F5A00CD8D9A /* MMTouchLockSplashViewController.m in Sources */ = {isa = PBXBuildFile; fileRef = B263DC3A1BFB2F5A00CD8D9A /* MMTouchLockSplashViewController.m */; };
		B263DC411BFB368400CD8D9A /* PMNavigationController.swift in Sources */ = {isa = PBXBuildFile; fileRef = B263DC401BFB368400CD8D9A /* PMNavigationController.swift */; };
		B2774EE81BFC5DA6001733B3 /* MMSettingTableViewController.m in Sources */ = {isa = PBXBuildFile; fileRef = B2774EE41BFC5DA6001733B3 /* MMSettingTableViewController.m */; };
		B2774EE91BFC5DA6001733B3 /* Setting.storyboard in Resources */ = {isa = PBXBuildFile; fileRef = B2774EE61BFC5DA6001733B3 /* Setting.storyboard */; };
		B2774EEA1BFC5DA6001733B3 /* SettingList.plist in Resources */ = {isa = PBXBuildFile; fileRef = B2774EE71BFC5DA6001733B3 /* SettingList.plist */; };
		B2774EF21BFC5E09001733B3 /* MMNavigationController.m in Sources */ = {isa = PBXBuildFile; fileRef = B2774EED1BFC5E09001733B3 /* MMNavigationController.m */; };
		B2774EF31BFC5E09001733B3 /* MMTableViewController.m in Sources */ = {isa = PBXBuildFile; fileRef = B2774EEF1BFC5E09001733B3 /* MMTableViewController.m */; };
		B2774EF41BFC5E09001733B3 /* MMViewController.m in Sources */ = {isa = PBXBuildFile; fileRef = B2774EF11BFC5E09001733B3 /* MMViewController.m */; };
		B2774F1F1BFC68C3001733B3 /* Model.xcdatamodeld in Sources */ = {isa = PBXBuildFile; fileRef = B2774F1D1BFC68C3001733B3 /* Model.xcdatamodeld */; };
		B2774F281BFC6E1E001733B3 /* Category+CoreDataProperties.swift in Sources */ = {isa = PBXBuildFile; fileRef = B2774F221BFC6E1E001733B3 /* Category+CoreDataProperties.swift */; };
		B2774F291BFC6E1E001733B3 /* Category.swift in Sources */ = {isa = PBXBuildFile; fileRef = B2774F231BFC6E1E001733B3 /* Category.swift */; };
		B2774F2A1BFC6E1E001733B3 /* Element+CoreDataProperties.swift in Sources */ = {isa = PBXBuildFile; fileRef = B2774F241BFC6E1E001733B3 /* Element+CoreDataProperties.swift */; };
		B2774F2B1BFC6E1E001733B3 /* Element.swift in Sources */ = {isa = PBXBuildFile; fileRef = B2774F251BFC6E1E001733B3 /* Element.swift */; };
		B2774F2E1BFC879D001733B3 /* Item+CoreDataProperties.swift in Sources */ = {isa = PBXBuildFile; fileRef = B2774F2C1BFC879D001733B3 /* Item+CoreDataProperties.swift */; };
		B2774F2F1BFC879D001733B3 /* Item.swift in Sources */ = {isa = PBXBuildFile; fileRef = B2774F2D1BFC879D001733B3 /* Item.swift */; };
		B28B329A1C031E94001994F0 /* template.json in Resources */ = {isa = PBXBuildFile; fileRef = B28B32991C030262001994F0 /* template.json */; };
		B2EB062B1BFEF12D00AEA5DB /* PMLeftController.swift in Sources */ = {isa = PBXBuildFile; fileRef = B2EB06291BFEF12D00AEA5DB /* PMLeftController.swift */; };
		B2EB062C1BFEF12D00AEA5DB /* PMTableController.swift in Sources */ = {isa = PBXBuildFile; fileRef = B2EB062A1BFEF12D00AEA5DB /* PMTableController.swift */; };
		B2EB062E1BFEF16800AEA5DB /* PMDetailController.swift in Sources */ = {isa = PBXBuildFile; fileRef = B2EB062D1BFEF16800AEA5DB /* PMDetailController.swift */; };
		B2F10D581C033C5B009159BD /* PMConfigHelper.swift in Sources */ = {isa = PBXBuildFile; fileRef = B2F10D571C033C5B009159BD /* PMConfigHelper.swift */; };
		B2F10D5C1C034B15009159BD /* ModelFactory.swift in Sources */ = {isa = PBXBuildFile; fileRef = B2F10D5B1C034B15009159BD /* ModelFactory.swift */; };
/* End PBXBuildFile section */

/* Begin PBXContainerItemProxy section */
		B263DC121BFB2A8200CD8D9A /* PBXContainerItemProxy */ = {
			isa = PBXContainerItemProxy;
			containerPortal = B263DBF51BFB2A8200CD8D9A /* Project object */;
			proxyType = 1;
			remoteGlobalIDString = B263DBFC1BFB2A8200CD8D9A;
			remoteInfo = PasswordMenu;
		};
		B263DC1D1BFB2A8200CD8D9A /* PBXContainerItemProxy */ = {
			isa = PBXContainerItemProxy;
			containerPortal = B263DBF51BFB2A8200CD8D9A /* Project object */;
			proxyType = 1;
			remoteGlobalIDString = B263DBFC1BFB2A8200CD8D9A;
			remoteInfo = PasswordMenu;
		};
/* End PBXContainerItemProxy section */

/* Begin PBXFileReference section */
		200F2E321C037E200008DF31 /* PMCategorySelectionController.swift */ = {isa = PBXFileReference; fileEncoding = 4; lastKnownFileType = sourcecode.swift; path = PMCategorySelectionController.swift; sourceTree = "<group>"; };
		538DE2F001286413AF6C154F /* Pods-PasswordMenu.release.xcconfig */ = {isa = PBXFileReference; includeInIndex = 1; lastKnownFileType = text.xcconfig; name = "Pods-PasswordMenu.release.xcconfig"; path = "Pods/Target Support Files/Pods-PasswordMenu/Pods-PasswordMenu.release.xcconfig"; sourceTree = "<group>"; };
		55C263B1656F4F4300A1667E /* libPods-PasswordMenu.a */ = {isa = PBXFileReference; explicitFileType = archive.ar; includeInIndex = 0; path = "libPods-PasswordMenu.a"; sourceTree = BUILT_PRODUCTS_DIR; };
		99EFD526104D8523DDA852C2 /* Pods-PasswordMenu.debug.xcconfig */ = {isa = PBXFileReference; includeInIndex = 1; lastKnownFileType = text.xcconfig; name = "Pods-PasswordMenu.debug.xcconfig"; path = "Pods/Target Support Files/Pods-PasswordMenu/Pods-PasswordMenu.debug.xcconfig"; sourceTree = "<group>"; };
		B240B7201BFEF57700168CA0 /* PMDetailControllerCell.swift */ = {isa = PBXFileReference; fileEncoding = 4; lastKnownFileType = sourcecode.swift; path = PMDetailControllerCell.swift; sourceTree = "<group>"; };
		B263DBFD1BFB2A8200CD8D9A /* PasswordMenu.app */ = {isa = PBXFileReference; explicitFileType = wrapper.application; includeInIndex = 0; path = PasswordMenu.app; sourceTree = BUILT_PRODUCTS_DIR; };
		B263DC001BFB2A8200CD8D9A /* AppDelegate.swift */ = {isa = PBXFileReference; lastKnownFileType = sourcecode.swift; path = AppDelegate.swift; sourceTree = "<group>"; };
		B263DC051BFB2A8200CD8D9A /* Base */ = {isa = PBXFileReference; lastKnownFileType = file.storyboard; name = Base; path = Base.lproj/Main.storyboard; sourceTree = "<group>"; };
		B263DC071BFB2A8200CD8D9A /* Assets.xcassets */ = {isa = PBXFileReference; lastKnownFileType = folder.assetcatalog; path = Assets.xcassets; sourceTree = "<group>"; };
		B263DC0A1BFB2A8200CD8D9A /* Base */ = {isa = PBXFileReference; lastKnownFileType = file.storyboard; name = Base; path = Base.lproj/LaunchScreen.storyboard; sourceTree = "<group>"; };
		B263DC0C1BFB2A8200CD8D9A /* Info.plist */ = {isa = PBXFileReference; lastKnownFileType = text.plist.xml; path = Info.plist; sourceTree = "<group>"; };
		B263DC111BFB2A8200CD8D9A /* PasswordMenuTests.xctest */ = {isa = PBXFileReference; explicitFileType = wrapper.cfbundle; includeInIndex = 0; path = PasswordMenuTests.xctest; sourceTree = BUILT_PRODUCTS_DIR; };
		B263DC151BFB2A8200CD8D9A /* PasswordMenuTests.swift */ = {isa = PBXFileReference; lastKnownFileType = sourcecode.swift; path = PasswordMenuTests.swift; sourceTree = "<group>"; };
		B263DC171BFB2A8200CD8D9A /* Info.plist */ = {isa = PBXFileReference; lastKnownFileType = text.plist.xml; path = Info.plist; sourceTree = "<group>"; };
		B263DC1C1BFB2A8200CD8D9A /* PasswordMenuUITests.xctest */ = {isa = PBXFileReference; explicitFileType = wrapper.cfbundle; includeInIndex = 0; path = PasswordMenuUITests.xctest; sourceTree = BUILT_PRODUCTS_DIR; };
		B263DC201BFB2A8200CD8D9A /* PasswordMenuUITests.swift */ = {isa = PBXFileReference; lastKnownFileType = sourcecode.swift; path = PasswordMenuUITests.swift; sourceTree = "<group>"; };
		B263DC221BFB2A8200CD8D9A /* Info.plist */ = {isa = PBXFileReference; lastKnownFileType = text.plist.xml; path = Info.plist; sourceTree = "<group>"; };
		B263DC301BFB2E1D00CD8D9A /* PasswordMenu-Bridging-Header.h */ = {isa = PBXFileReference; lastKnownFileType = sourcecode.c.h; path = "PasswordMenu-Bridging-Header.h"; sourceTree = "<group>"; };
		B263DC371BFB2F5A00CD8D9A /* PMSideMenu.swift */ = {isa = PBXFileReference; fileEncoding = 4; lastKnownFileType = sourcecode.swift; path = PMSideMenu.swift; sourceTree = "<group>"; };
		B263DC391BFB2F5A00CD8D9A /* MMTouchLockSplashViewController.h */ = {isa = PBXFileReference; fileEncoding = 4; lastKnownFileType = sourcecode.c.h; path = MMTouchLockSplashViewController.h; sourceTree = "<group>"; };
		B263DC3A1BFB2F5A00CD8D9A /* MMTouchLockSplashViewController.m */ = {isa = PBXFileReference; fileEncoding = 4; lastKnownFileType = sourcecode.c.objc; path = MMTouchLockSplashViewController.m; sourceTree = "<group>"; };
		B263DC3D1BFB332100CD8D9A /* MMConstant.h */ = {isa = PBXFileReference; lastKnownFileType = sourcecode.c.h; path = MMConstant.h; sourceTree = "<group>"; };
		B263DC401BFB368400CD8D9A /* PMNavigationController.swift */ = {isa = PBXFileReference; fileEncoding = 4; lastKnownFileType = sourcecode.swift; path = PMNavigationController.swift; sourceTree = "<group>"; };
		B2774EE31BFC5DA6001733B3 /* MMSettingTableViewController.h */ = {isa = PBXFileReference; fileEncoding = 4; lastKnownFileType = sourcecode.c.h; path = MMSettingTableViewController.h; sourceTree = "<group>"; };
		B2774EE41BFC5DA6001733B3 /* MMSettingTableViewController.m */ = {isa = PBXFileReference; fileEncoding = 4; lastKnownFileType = sourcecode.c.objc; path = MMSettingTableViewController.m; sourceTree = "<group>"; };
		B2774EE61BFC5DA6001733B3 /* Setting.storyboard */ = {isa = PBXFileReference; fileEncoding = 4; lastKnownFileType = file.storyboard; path = Setting.storyboard; sourceTree = "<group>"; };
		B2774EE71BFC5DA6001733B3 /* SettingList.plist */ = {isa = PBXFileReference; fileEncoding = 4; lastKnownFileType = text.plist.xml; path = SettingList.plist; sourceTree = "<group>"; };
		B2774EEC1BFC5E09001733B3 /* MMNavigationController.h */ = {isa = PBXFileReference; fileEncoding = 4; lastKnownFileType = sourcecode.c.h; path = MMNavigationController.h; sourceTree = "<group>"; };
		B2774EED1BFC5E09001733B3 /* MMNavigationController.m */ = {isa = PBXFileReference; fileEncoding = 4; lastKnownFileType = sourcecode.c.objc; path = MMNavigationController.m; sourceTree = "<group>"; };
		B2774EEE1BFC5E09001733B3 /* MMTableViewController.h */ = {isa = PBXFileReference; fileEncoding = 4; lastKnownFileType = sourcecode.c.h; path = MMTableViewController.h; sourceTree = "<group>"; };
		B2774EEF1BFC5E09001733B3 /* MMTableViewController.m */ = {isa = PBXFileReference; fileEncoding = 4; lastKnownFileType = sourcecode.c.objc; path = MMTableViewController.m; sourceTree = "<group>"; };
		B2774EF01BFC5E09001733B3 /* MMViewController.h */ = {isa = PBXFileReference; fileEncoding = 4; lastKnownFileType = sourcecode.c.h; path = MMViewController.h; sourceTree = "<group>"; };
		B2774EF11BFC5E09001733B3 /* MMViewController.m */ = {isa = PBXFileReference; fileEncoding = 4; lastKnownFileType = sourcecode.c.objc; path = MMViewController.m; sourceTree = "<group>"; };
		B2774F1E1BFC68C3001733B3 /* Model.xcdatamodel */ = {isa = PBXFileReference; lastKnownFileType = wrapper.xcdatamodel; path = Model.xcdatamodel; sourceTree = "<group>"; };
		B2774F221BFC6E1E001733B3 /* Category+CoreDataProperties.swift */ = {isa = PBXFileReference; fileEncoding = 4; lastKnownFileType = sourcecode.swift; path = "Category+CoreDataProperties.swift"; sourceTree = "<group>"; };
		B2774F231BFC6E1E001733B3 /* Category.swift */ = {isa = PBXFileReference; fileEncoding = 4; lastKnownFileType = sourcecode.swift; path = Category.swift; sourceTree = "<group>"; };
		B2774F241BFC6E1E001733B3 /* Element+CoreDataProperties.swift */ = {isa = PBXFileReference; fileEncoding = 4; lastKnownFileType = sourcecode.swift; path = "Element+CoreDataProperties.swift"; sourceTree = "<group>"; };
		B2774F251BFC6E1E001733B3 /* Element.swift */ = {isa = PBXFileReference; fileEncoding = 4; lastKnownFileType = sourcecode.swift; path = Element.swift; sourceTree = "<group>"; };
		B2774F2C1BFC879D001733B3 /* Item+CoreDataProperties.swift */ = {isa = PBXFileReference; fileEncoding = 4; lastKnownFileType = sourcecode.swift; path = "Item+CoreDataProperties.swift"; sourceTree = "<group>"; };
		B2774F2D1BFC879D001733B3 /* Item.swift */ = {isa = PBXFileReference; fileEncoding = 4; lastKnownFileType = sourcecode.swift; path = Item.swift; sourceTree = "<group>"; };
		B28B32991C030262001994F0 /* template.json */ = {isa = PBXFileReference; lastKnownFileType = text.json; path = template.json; sourceTree = "<group>"; };
		B2EB06291BFEF12D00AEA5DB /* PMLeftController.swift */ = {isa = PBXFileReference; fileEncoding = 4; lastKnownFileType = sourcecode.swift; path = PMLeftController.swift; sourceTree = "<group>"; };
		B2EB062A1BFEF12D00AEA5DB /* PMTableController.swift */ = {isa = PBXFileReference; fileEncoding = 4; lastKnownFileType = sourcecode.swift; path = PMTableController.swift; sourceTree = "<group>"; };
		B2EB062D1BFEF16800AEA5DB /* PMDetailController.swift */ = {isa = PBXFileReference; fileEncoding = 4; lastKnownFileType = sourcecode.swift; path = PMDetailController.swift; sourceTree = "<group>"; };
		B2F10D571C033C5B009159BD /* PMConfigHelper.swift */ = {isa = PBXFileReference; fileEncoding = 4; lastKnownFileType = sourcecode.swift; path = PMConfigHelper.swift; sourceTree = "<group>"; };
		B2F10D5B1C034B15009159BD /* ModelFactory.swift */ = {isa = PBXFileReference; fileEncoding = 4; lastKnownFileType = sourcecode.swift; path = ModelFactory.swift; sourceTree = "<group>"; };
/* End PBXFileReference section */

/* Begin PBXFrameworksBuildPhase section */
		B263DBFA1BFB2A8200CD8D9A /* Frameworks */ = {
			isa = PBXFrameworksBuildPhase;
			buildActionMask = 2147483647;
			files = (
				62F0BDD9A882953400E4BA93 /* libPods-PasswordMenu.a in Frameworks */,
			);
			runOnlyForDeploymentPostprocessing = 0;
		};
		B263DC0E1BFB2A8200CD8D9A /* Frameworks */ = {
			isa = PBXFrameworksBuildPhase;
			buildActionMask = 2147483647;
			files = (
			);
			runOnlyForDeploymentPostprocessing = 0;
		};
		B263DC191BFB2A8200CD8D9A /* Frameworks */ = {
			isa = PBXFrameworksBuildPhase;
			buildActionMask = 2147483647;
			files = (
			);
			runOnlyForDeploymentPostprocessing = 0;
		};
/* End PBXFrameworksBuildPhase section */

/* Begin PBXGroup section */
		349E294A3F64DC879E46AA31 /* Frameworks */ = {
			isa = PBXGroup;
			children = (
				55C263B1656F4F4300A1667E /* libPods-PasswordMenu.a */,
			);
			name = Frameworks;
			sourceTree = "<group>";
		};
		B263DBF41BFB2A8200CD8D9A = {
			isa = PBXGroup;
			children = (
				B263DBFF1BFB2A8200CD8D9A /* PasswordMenu */,
				B263DC141BFB2A8200CD8D9A /* PasswordMenuTests */,
				B263DC1F1BFB2A8200CD8D9A /* PasswordMenuUITests */,
				B263DBFE1BFB2A8200CD8D9A /* Products */,
				CE4774784EEC32359A45545A /* Pods */,
				349E294A3F64DC879E46AA31 /* Frameworks */,
			);
			sourceTree = "<group>";
		};
		B263DBFE1BFB2A8200CD8D9A /* Products */ = {
			isa = PBXGroup;
			children = (
				B263DBFD1BFB2A8200CD8D9A /* PasswordMenu.app */,
				B263DC111BFB2A8200CD8D9A /* PasswordMenuTests.xctest */,
				B263DC1C1BFB2A8200CD8D9A /* PasswordMenuUITests.xctest */,
			);
			name = Products;
			sourceTree = "<group>";
		};
		B263DBFF1BFB2A8200CD8D9A /* PasswordMenu */ = {
			isa = PBXGroup;
			children = (
				B2774EF51BFC5F4C001733B3 /* Model */,
				B2774EEB1BFC5E09001733B3 /* Template */,
				B263DC341BFB2F5A00CD8D9A /* Helper */,
				B263DC351BFB2F5A00CD8D9A /* Module */,
				B263DC001BFB2A8200CD8D9A /* AppDelegate.swift */,
				B263DC3D1BFB332100CD8D9A /* MMConstant.h */,
				B263DC041BFB2A8200CD8D9A /* Main.storyboard */,
				B263DC071BFB2A8200CD8D9A /* Assets.xcassets */,
				B263DC091BFB2A8200CD8D9A /* LaunchScreen.storyboard */,
				B263DC0C1BFB2A8200CD8D9A /* Info.plist */,
				B263DC301BFB2E1D00CD8D9A /* PasswordMenu-Bridging-Header.h */,
			);
			path = PasswordMenu;
			sourceTree = "<group>";
		};
		B263DC141BFB2A8200CD8D9A /* PasswordMenuTests */ = {
			isa = PBXGroup;
			children = (
				B263DC151BFB2A8200CD8D9A /* PasswordMenuTests.swift */,
				B263DC171BFB2A8200CD8D9A /* Info.plist */,
			);
			path = PasswordMenuTests;
			sourceTree = "<group>";
		};
		B263DC1F1BFB2A8200CD8D9A /* PasswordMenuUITests */ = {
			isa = PBXGroup;
			children = (
				B263DC201BFB2A8200CD8D9A /* PasswordMenuUITests.swift */,
				B263DC221BFB2A8200CD8D9A /* Info.plist */,
			);
			path = PasswordMenuUITests;
			sourceTree = "<group>";
		};
		B263DC341BFB2F5A00CD8D9A /* Helper */ = {
			isa = PBXGroup;
			children = (
				B2F10D571C033C5B009159BD /* PMConfigHelper.swift */,
			);
			path = Helper;
			sourceTree = "<group>";
		};
		B263DC351BFB2F5A00CD8D9A /* Module */ = {
			isa = PBXGroup;
			children = (
				B2EB06291BFEF12D00AEA5DB /* PMLeftController.swift */,
				B2EB062A1BFEF12D00AEA5DB /* PMTableController.swift */,
				B2EB062D1BFEF16800AEA5DB /* PMDetailController.swift */,
				B240B7201BFEF57700168CA0 /* PMDetailControllerCell.swift */,
				200F2E321C037E200008DF31 /* PMCategorySelectionController.swift */,
				B2774EE21BFC5DA6001733B3 /* Setting */,
				B263DC361BFB2F5A00CD8D9A /* MainFrame */,
				B263DC381BFB2F5A00CD8D9A /* TouchLock */,
			);
			path = Module;
			sourceTree = "<group>";
		};
		B263DC361BFB2F5A00CD8D9A /* MainFrame */ = {
			isa = PBXGroup;
			children = (
				B263DC371BFB2F5A00CD8D9A /* PMSideMenu.swift */,
				B263DC401BFB368400CD8D9A /* PMNavigationController.swift */,
			);
			path = MainFrame;
			sourceTree = "<group>";
		};
		B263DC381BFB2F5A00CD8D9A /* TouchLock */ = {
			isa = PBXGroup;
			children = (
				B263DC391BFB2F5A00CD8D9A /* MMTouchLockSplashViewController.h */,
				B263DC3A1BFB2F5A00CD8D9A /* MMTouchLockSplashViewController.m */,
			);
			path = TouchLock;
			sourceTree = "<group>";
		};
		B2774EE21BFC5DA6001733B3 /* Setting */ = {
			isa = PBXGroup;
			children = (
				B2774EE31BFC5DA6001733B3 /* MMSettingTableViewController.h */,
				B2774EE41BFC5DA6001733B3 /* MMSettingTableViewController.m */,
				B2774EE51BFC5DA6001733B3 /* Source */,
			);
			path = Setting;
			sourceTree = "<group>";
		};
		B2774EE51BFC5DA6001733B3 /* Source */ = {
			isa = PBXGroup;
			children = (
				B2774EE61BFC5DA6001733B3 /* Setting.storyboard */,
				B2774EE71BFC5DA6001733B3 /* SettingList.plist */,
			);
			path = Source;
			sourceTree = "<group>";
		};
		B2774EEB1BFC5E09001733B3 /* Template */ = {
			isa = PBXGroup;
			children = (
				B2774EEC1BFC5E09001733B3 /* MMNavigationController.h */,
				B2774EED1BFC5E09001733B3 /* MMNavigationController.m */,
				B2774EEE1BFC5E09001733B3 /* MMTableViewController.h */,
				B2774EEF1BFC5E09001733B3 /* MMTableViewController.m */,
				B2774EF01BFC5E09001733B3 /* MMViewController.h */,
				B2774EF11BFC5E09001733B3 /* MMViewController.m */,
			);
			path = Template;
			sourceTree = "<group>";
		};
		B2774EF51BFC5F4C001733B3 /* Model */ = {
			isa = PBXGroup;
			children = (
				B2774F2C1BFC879D001733B3 /* Item+CoreDataProperties.swift */,
				B2774F2D1BFC879D001733B3 /* Item.swift */,
				B2774F221BFC6E1E001733B3 /* Category+CoreDataProperties.swift */,
				B2774F231BFC6E1E001733B3 /* Category.swift */,
				B2774F241BFC6E1E001733B3 /* Element+CoreDataProperties.swift */,
				B2774F251BFC6E1E001733B3 /* Element.swift */,
				B2774F1D1BFC68C3001733B3 /* Model.xcdatamodeld */,
				B28B32991C030262001994F0 /* template.json */,
				B2F10D5B1C034B15009159BD /* ModelFactory.swift */,
			);
			path = Model;
			sourceTree = "<group>";
		};
		CE4774784EEC32359A45545A /* Pods */ = {
			isa = PBXGroup;
			children = (
				99EFD526104D8523DDA852C2 /* Pods-PasswordMenu.debug.xcconfig */,
				538DE2F001286413AF6C154F /* Pods-PasswordMenu.release.xcconfig */,
			);
			name = Pods;
			sourceTree = "<group>";
		};
/* End PBXGroup section */

/* Begin PBXNativeTarget section */
		B263DBFC1BFB2A8200CD8D9A /* PasswordMenu */ = {
			isa = PBXNativeTarget;
			buildConfigurationList = B263DC251BFB2A8200CD8D9A /* Build configuration list for PBXNativeTarget "PasswordMenu" */;
			buildPhases = (
				FE4EF8C043491E1AC4F1CA93 /* Check Pods Manifest.lock */,
				B263DBF91BFB2A8200CD8D9A /* Sources */,
				B263DBFA1BFB2A8200CD8D9A /* Frameworks */,
				B263DBFB1BFB2A8200CD8D9A /* Resources */,
				E86A921B29D02D804383E473 /* Embed Pods Frameworks */,
				D328D17854E1232E5D093B98 /* Copy Pods Resources */,
			);
			buildRules = (
			);
			dependencies = (
			);
			name = PasswordMenu;
			productName = PasswordMenu;
			productReference = B263DBFD1BFB2A8200CD8D9A /* PasswordMenu.app */;
			productType = "com.apple.product-type.application";
		};
		B263DC101BFB2A8200CD8D9A /* PasswordMenuTests */ = {
			isa = PBXNativeTarget;
			buildConfigurationList = B263DC281BFB2A8200CD8D9A /* Build configuration list for PBXNativeTarget "PasswordMenuTests" */;
			buildPhases = (
				B263DC0D1BFB2A8200CD8D9A /* Sources */,
				B263DC0E1BFB2A8200CD8D9A /* Frameworks */,
				B263DC0F1BFB2A8200CD8D9A /* Resources */,
			);
			buildRules = (
			);
			dependencies = (
				B263DC131BFB2A8200CD8D9A /* PBXTargetDependency */,
			);
			name = PasswordMenuTests;
			productName = PasswordMenuTests;
			productReference = B263DC111BFB2A8200CD8D9A /* PasswordMenuTests.xctest */;
			productType = "com.apple.product-type.bundle.unit-test";
		};
		B263DC1B1BFB2A8200CD8D9A /* PasswordMenuUITests */ = {
			isa = PBXNativeTarget;
			buildConfigurationList = B263DC2B1BFB2A8200CD8D9A /* Build configuration list for PBXNativeTarget "PasswordMenuUITests" */;
			buildPhases = (
				B263DC181BFB2A8200CD8D9A /* Sources */,
				B263DC191BFB2A8200CD8D9A /* Frameworks */,
				B263DC1A1BFB2A8200CD8D9A /* Resources */,
			);
			buildRules = (
			);
			dependencies = (
				B263DC1E1BFB2A8200CD8D9A /* PBXTargetDependency */,
			);
			name = PasswordMenuUITests;
			productName = PasswordMenuUITests;
			productReference = B263DC1C1BFB2A8200CD8D9A /* PasswordMenuUITests.xctest */;
			productType = "com.apple.product-type.bundle.ui-testing";
		};
/* End PBXNativeTarget section */

/* Begin PBXProject section */
		B263DBF51BFB2A8200CD8D9A /* Project object */ = {
			isa = PBXProject;
			attributes = {
				LastSwiftUpdateCheck = 0710;
				LastUpgradeCheck = 0710;
				ORGANIZATIONNAME = DaiFengyi;
				TargetAttributes = {
					B263DBFC1BFB2A8200CD8D9A = {
						CreatedOnToolsVersion = 7.1.1;
						DevelopmentTeam = 24EL9XJBYB;
					};
					B263DC101BFB2A8200CD8D9A = {
						CreatedOnToolsVersion = 7.1.1;
						TestTargetID = B263DBFC1BFB2A8200CD8D9A;
					};
					B263DC1B1BFB2A8200CD8D9A = {
						CreatedOnToolsVersion = 7.1.1;
						TestTargetID = B263DBFC1BFB2A8200CD8D9A;
					};
				};
			};
			buildConfigurationList = B263DBF81BFB2A8200CD8D9A /* Build configuration list for PBXProject "PasswordMenu" */;
			compatibilityVersion = "Xcode 3.2";
			developmentRegion = English;
			hasScannedForEncodings = 0;
			knownRegions = (
				en,
				Base,
			);
			mainGroup = B263DBF41BFB2A8200CD8D9A;
			productRefGroup = B263DBFE1BFB2A8200CD8D9A /* Products */;
			projectDirPath = "";
			projectRoot = "";
			targets = (
				B263DBFC1BFB2A8200CD8D9A /* PasswordMenu */,
				B263DC101BFB2A8200CD8D9A /* PasswordMenuTests */,
				B263DC1B1BFB2A8200CD8D9A /* PasswordMenuUITests */,
			);
		};
/* End PBXProject section */

/* Begin PBXResourcesBuildPhase section */
		B263DBFB1BFB2A8200CD8D9A /* Resources */ = {
			isa = PBXResourcesBuildPhase;
			buildActionMask = 2147483647;
			files = (
				B263DC0B1BFB2A8200CD8D9A /* LaunchScreen.storyboard in Resources */,
				B28B329A1C031E94001994F0 /* template.json in Resources */,
				B263DC081BFB2A8200CD8D9A /* Assets.xcassets in Resources */,
				B2774EEA1BFC5DA6001733B3 /* SettingList.plist in Resources */,
				B263DC061BFB2A8200CD8D9A /* Main.storyboard in Resources */,
				B2774EE91BFC5DA6001733B3 /* Setting.storyboard in Resources */,
			);
			runOnlyForDeploymentPostprocessing = 0;
		};
		B263DC0F1BFB2A8200CD8D9A /* Resources */ = {
			isa = PBXResourcesBuildPhase;
			buildActionMask = 2147483647;
			files = (
			);
			runOnlyForDeploymentPostprocessing = 0;
		};
		B263DC1A1BFB2A8200CD8D9A /* Resources */ = {
			isa = PBXResourcesBuildPhase;
			buildActionMask = 2147483647;
			files = (
			);
			runOnlyForDeploymentPostprocessing = 0;
		};
/* End PBXResourcesBuildPhase section */

/* Begin PBXShellScriptBuildPhase section */
		D328D17854E1232E5D093B98 /* Copy Pods Resources */ = {
			isa = PBXShellScriptBuildPhase;
			buildActionMask = 2147483647;
			files = (
			);
			inputPaths = (
			);
			name = "Copy Pods Resources";
			outputPaths = (
			);
			runOnlyForDeploymentPostprocessing = 0;
			shellPath = /bin/sh;
			shellScript = "\"${SRCROOT}/Pods/Target Support Files/Pods-PasswordMenu/Pods-PasswordMenu-resources.sh\"\n";
			showEnvVarsInLog = 0;
		};
		E86A921B29D02D804383E473 /* Embed Pods Frameworks */ = {
			isa = PBXShellScriptBuildPhase;
			buildActionMask = 2147483647;
			files = (
			);
			inputPaths = (
			);
			name = "Embed Pods Frameworks";
			outputPaths = (
			);
			runOnlyForDeploymentPostprocessing = 0;
			shellPath = /bin/sh;
			shellScript = "\"${SRCROOT}/Pods/Target Support Files/Pods-PasswordMenu/Pods-PasswordMenu-frameworks.sh\"\n";
			showEnvVarsInLog = 0;
		};
		FE4EF8C043491E1AC4F1CA93 /* Check Pods Manifest.lock */ = {
			isa = PBXShellScriptBuildPhase;
			buildActionMask = 2147483647;
			files = (
			);
			inputPaths = (
			);
			name = "Check Pods Manifest.lock";
			outputPaths = (
			);
			runOnlyForDeploymentPostprocessing = 0;
			shellPath = /bin/sh;
			shellScript = "diff \"${PODS_ROOT}/../Podfile.lock\" \"${PODS_ROOT}/Manifest.lock\" > /dev/null\nif [[ $? != 0 ]] ; then\n    cat << EOM\nerror: The sandbox is not in sync with the Podfile.lock. Run 'pod install' or update your CocoaPods installation.\nEOM\n    exit 1\nfi\n";
			showEnvVarsInLog = 0;
		};
/* End PBXShellScriptBuildPhase section */

/* Begin PBXSourcesBuildPhase section */
		B263DBF91BFB2A8200CD8D9A /* Sources */ = {
			isa = PBXSourcesBuildPhase;
			buildActionMask = 2147483647;
			files = (
				B2774F2A1BFC6E1E001733B3 /* Element+CoreDataProperties.swift in Sources */,
				B2774EF41BFC5E09001733B3 /* MMViewController.m in Sources */,
				B2F10D5C1C034B15009159BD /* ModelFactory.swift in Sources */,
				B2774F2E1BFC879D001733B3 /* Item+CoreDataProperties.swift in Sources */,
				B240B7211BFEF57700168CA0 /* PMDetailControllerCell.swift in Sources */,
				B2EB062C1BFEF12D00AEA5DB /* PMTableController.swift in Sources */,
				B263DC3B1BFB2F5A00CD8D9A /* PMSideMenu.swift in Sources */,
				B2774EF21BFC5E09001733B3 /* MMNavigationController.m in Sources */,
				B263DC411BFB368400CD8D9A /* PMNavigationController.swift in Sources */,
				B2774F2F1BFC879D001733B3 /* Item.swift in Sources */,
				B2774F1F1BFC68C3001733B3 /* Model.xcdatamodeld in Sources */,
				B2F10D581C033C5B009159BD /* PMConfigHelper.swift in Sources */,
				B2EB062E1BFEF16800AEA5DB /* PMDetailController.swift in Sources */,
				B2774F281BFC6E1E001733B3 /* Category+CoreDataProperties.swift in Sources */,
				B263DC011BFB2A8200CD8D9A /* AppDelegate.swift in Sources */,
				200F2E331C037E200008DF31 /* PMCategorySelectionController.swift in Sources */,
				B2774F2B1BFC6E1E001733B3 /* Element.swift in Sources */,
				B2774EF31BFC5E09001733B3 /* MMTableViewController.m in Sources */,
				B2774F291BFC6E1E001733B3 /* Category.swift in Sources */,
				B2EB062B1BFEF12D00AEA5DB /* PMLeftController.swift in Sources */,
				B2774EE81BFC5DA6001733B3 /* MMSettingTableViewController.m in Sources */,
				B263DC3C1BFB2F5A00CD8D9A /* MMTouchLockSplashViewController.m in Sources */,
			);
			runOnlyForDeploymentPostprocessing = 0;
		};
		B263DC0D1BFB2A8200CD8D9A /* Sources */ = {
			isa = PBXSourcesBuildPhase;
			buildActionMask = 2147483647;
			files = (
				B263DC161BFB2A8200CD8D9A /* PasswordMenuTests.swift in Sources */,
			);
			runOnlyForDeploymentPostprocessing = 0;
		};
		B263DC181BFB2A8200CD8D9A /* Sources */ = {
			isa = PBXSourcesBuildPhase;
			buildActionMask = 2147483647;
			files = (
				B263DC211BFB2A8200CD8D9A /* PasswordMenuUITests.swift in Sources */,
			);
			runOnlyForDeploymentPostprocessing = 0;
		};
/* End PBXSourcesBuildPhase section */

/* Begin PBXTargetDependency section */
		B263DC131BFB2A8200CD8D9A /* PBXTargetDependency */ = {
			isa = PBXTargetDependency;
			target = B263DBFC1BFB2A8200CD8D9A /* PasswordMenu */;
			targetProxy = B263DC121BFB2A8200CD8D9A /* PBXContainerItemProxy */;
		};
		B263DC1E1BFB2A8200CD8D9A /* PBXTargetDependency */ = {
			isa = PBXTargetDependency;
			target = B263DBFC1BFB2A8200CD8D9A /* PasswordMenu */;
			targetProxy = B263DC1D1BFB2A8200CD8D9A /* PBXContainerItemProxy */;
		};
/* End PBXTargetDependency section */

/* Begin PBXVariantGroup section */
		B263DC041BFB2A8200CD8D9A /* Main.storyboard */ = {
			isa = PBXVariantGroup;
			children = (
				B263DC051BFB2A8200CD8D9A /* Base */,
			);
			name = Main.storyboard;
			sourceTree = "<group>";
		};
		B263DC091BFB2A8200CD8D9A /* LaunchScreen.storyboard */ = {
			isa = PBXVariantGroup;
			children = (
				B263DC0A1BFB2A8200CD8D9A /* Base */,
			);
			name = LaunchScreen.storyboard;
			sourceTree = "<group>";
		};
/* End PBXVariantGroup section */

/* Begin XCBuildConfiguration section */
		B263DC231BFB2A8200CD8D9A /* Debug */ = {
			isa = XCBuildConfiguration;
			buildSettings = {
				ALWAYS_SEARCH_USER_PATHS = NO;
				CLANG_CXX_LANGUAGE_STANDARD = "gnu++0x";
				CLANG_CXX_LIBRARY = "libc++";
				CLANG_ENABLE_MODULES = YES;
				CLANG_ENABLE_OBJC_ARC = YES;
				CLANG_WARN_BOOL_CONVERSION = YES;
				CLANG_WARN_CONSTANT_CONVERSION = YES;
				CLANG_WARN_DIRECT_OBJC_ISA_USAGE = YES_ERROR;
				CLANG_WARN_EMPTY_BODY = YES;
				CLANG_WARN_ENUM_CONVERSION = YES;
				CLANG_WARN_INT_CONVERSION = YES;
				CLANG_WARN_OBJC_ROOT_CLASS = YES_ERROR;
				CLANG_WARN_UNREACHABLE_CODE = YES;
				CLANG_WARN__DUPLICATE_METHOD_MATCH = YES;
				"CODE_SIGN_IDENTITY[sdk=iphoneos*]" = "iPhone Developer";
				COPY_PHASE_STRIP = NO;
				DEBUG_INFORMATION_FORMAT = dwarf;
				ENABLE_STRICT_OBJC_MSGSEND = YES;
				ENABLE_TESTABILITY = YES;
				GCC_C_LANGUAGE_STANDARD = gnu99;
				GCC_DYNAMIC_NO_PIC = NO;
				GCC_NO_COMMON_BLOCKS = YES;
				GCC_OPTIMIZATION_LEVEL = 0;
				GCC_PREPROCESSOR_DEFINITIONS = (
					"DEBUG=1",
					"$(inherited)",
				);
				GCC_WARN_64_TO_32_BIT_CONVERSION = YES;
				GCC_WARN_ABOUT_RETURN_TYPE = YES_ERROR;
				GCC_WARN_UNDECLARED_SELECTOR = YES;
				GCC_WARN_UNINITIALIZED_AUTOS = YES_AGGRESSIVE;
				GCC_WARN_UNUSED_FUNCTION = YES;
				GCC_WARN_UNUSED_VARIABLE = YES;
				IPHONEOS_DEPLOYMENT_TARGET = 9.1;
				MTL_ENABLE_DEBUG_INFO = YES;
				ONLY_ACTIVE_ARCH = YES;
				SDKROOT = iphoneos;
				SWIFT_OPTIMIZATION_LEVEL = "-Onone";
			};
			name = Debug;
		};
		B263DC241BFB2A8200CD8D9A /* Release */ = {
			isa = XCBuildConfiguration;
			buildSettings = {
				ALWAYS_SEARCH_USER_PATHS = NO;
				CLANG_CXX_LANGUAGE_STANDARD = "gnu++0x";
				CLANG_CXX_LIBRARY = "libc++";
				CLANG_ENABLE_MODULES = YES;
				CLANG_ENABLE_OBJC_ARC = YES;
				CLANG_WARN_BOOL_CONVERSION = YES;
				CLANG_WARN_CONSTANT_CONVERSION = YES;
				CLANG_WARN_DIRECT_OBJC_ISA_USAGE = YES_ERROR;
				CLANG_WARN_EMPTY_BODY = YES;
				CLANG_WARN_ENUM_CONVERSION = YES;
				CLANG_WARN_INT_CONVERSION = YES;
				CLANG_WARN_OBJC_ROOT_CLASS = YES_ERROR;
				CLANG_WARN_UNREACHABLE_CODE = YES;
				CLANG_WARN__DUPLICATE_METHOD_MATCH = YES;
				"CODE_SIGN_IDENTITY[sdk=iphoneos*]" = "iPhone Developer";
				COPY_PHASE_STRIP = NO;
				DEBUG_INFORMATION_FORMAT = "dwarf-with-dsym";
				ENABLE_NS_ASSERTIONS = NO;
				ENABLE_STRICT_OBJC_MSGSEND = YES;
				GCC_C_LANGUAGE_STANDARD = gnu99;
				GCC_NO_COMMON_BLOCKS = YES;
				GCC_WARN_64_TO_32_BIT_CONVERSION = YES;
				GCC_WARN_ABOUT_RETURN_TYPE = YES_ERROR;
				GCC_WARN_UNDECLARED_SELECTOR = YES;
				GCC_WARN_UNINITIALIZED_AUTOS = YES_AGGRESSIVE;
				GCC_WARN_UNUSED_FUNCTION = YES;
				GCC_WARN_UNUSED_VARIABLE = YES;
				IPHONEOS_DEPLOYMENT_TARGET = 9.1;
				MTL_ENABLE_DEBUG_INFO = NO;
				SDKROOT = iphoneos;
				VALIDATE_PRODUCT = YES;
			};
			name = Release;
		};
		B263DC261BFB2A8200CD8D9A /* Debug */ = {
			isa = XCBuildConfiguration;
			baseConfigurationReference = 99EFD526104D8523DDA852C2 /* Pods-PasswordMenu.debug.xcconfig */;
			buildSettings = {
				ASSETCATALOG_COMPILER_APPICON_NAME = AppIcon;
				CLANG_ENABLE_MODULES = YES;
				CODE_SIGN_IDENTITY = "iPhone Developer";
				"CODE_SIGN_IDENTITY[sdk=iphoneos*]" = "iPhone Developer: fengyi dai (C8D6ERL39C)";
				INFOPLIST_FILE = PasswordMenu/Info.plist;
				IPHONEOS_DEPLOYMENT_TARGET = 9.0;
				LD_RUNPATH_SEARCH_PATHS = "$(inherited) @executable_path/Frameworks";
				PRODUCT_BUNDLE_IDENTIFIER = com.ChildrenOurFuture.PasswordMenu;
				PRODUCT_NAME = "$(TARGET_NAME)";
				PROVISIONING_PROFILE = "c97d749f-2231-4967-969c-bc7bece6b622";
				SWIFT_OBJC_BRIDGING_HEADER = "PasswordMenu/PasswordMenu-Bridging-Header.h";
				SWIFT_OPTIMIZATION_LEVEL = "-Onone";
			};
			name = Debug;
		};
		B263DC271BFB2A8200CD8D9A /* Release */ = {
			isa = XCBuildConfiguration;
			baseConfigurationReference = 538DE2F001286413AF6C154F /* Pods-PasswordMenu.release.xcconfig */;
			buildSettings = {
				ASSETCATALOG_COMPILER_APPICON_NAME = AppIcon;
				CLANG_ENABLE_MODULES = YES;
				CODE_SIGN_IDENTITY = "iPhone Developer";
				INFOPLIST_FILE = PasswordMenu/Info.plist;
				IPHONEOS_DEPLOYMENT_TARGET = 9.0;
				LD_RUNPATH_SEARCH_PATHS = "$(inherited) @executable_path/Frameworks";
				PRODUCT_BUNDLE_IDENTIFIER = com.ChildrenOurFuture.PasswordMenu;
				PRODUCT_NAME = "$(TARGET_NAME)";
				PROVISIONING_PROFILE = "39f66da3-8340-48a0-ac88-73da39542220";
				SWIFT_OBJC_BRIDGING_HEADER = "PasswordMenu/PasswordMenu-Bridging-Header.h";
			};
			name = Release;
		};
		B263DC291BFB2A8200CD8D9A /* Debug */ = {
			isa = XCBuildConfiguration;
			buildSettings = {
				BUNDLE_LOADER = "$(TEST_HOST)";
				INFOPLIST_FILE = PasswordMenuTests/Info.plist;
				LD_RUNPATH_SEARCH_PATHS = "$(inherited) @executable_path/Frameworks @loader_path/Frameworks";
				PRODUCT_BUNDLE_IDENTIFIER = com.ChildrenOurFuture.PasswordMenuTests;
				PRODUCT_NAME = "$(TARGET_NAME)";
				TEST_HOST = "$(BUILT_PRODUCTS_DIR)/PasswordMenu.app/PasswordMenu";
			};
			name = Debug;
		};
		B263DC2A1BFB2A8200CD8D9A /* Release */ = {
			isa = XCBuildConfiguration;
			buildSettings = {
				BUNDLE_LOADER = "$(TEST_HOST)";
				INFOPLIST_FILE = PasswordMenuTests/Info.plist;
				LD_RUNPATH_SEARCH_PATHS = "$(inherited) @executable_path/Frameworks @loader_path/Frameworks";
				PRODUCT_BUNDLE_IDENTIFIER = com.ChildrenOurFuture.PasswordMenuTests;
				PRODUCT_NAME = "$(TARGET_NAME)";
				TEST_HOST = "$(BUILT_PRODUCTS_DIR)/PasswordMenu.app/PasswordMenu";
			};
			name = Release;
		};
		B263DC2C1BFB2A8200CD8D9A /* Debug */ = {
			isa = XCBuildConfiguration;
			buildSettings = {
				INFOPLIST_FILE = PasswordMenuUITests/Info.plist;
				LD_RUNPATH_SEARCH_PATHS = "$(inherited) @executable_path/Frameworks @loader_path/Frameworks";
				PRODUCT_BUNDLE_IDENTIFIER = com.ChildrenOurFuture.PasswordMenuUITests;
				PRODUCT_NAME = "$(TARGET_NAME)";
				TEST_TARGET_NAME = PasswordMenu;
				USES_XCTRUNNER = YES;
			};
			name = Debug;
		};
		B263DC2D1BFB2A8200CD8D9A /* Release */ = {
			isa = XCBuildConfiguration;
			buildSettings = {
				INFOPLIST_FILE = PasswordMenuUITests/Info.plist;
				LD_RUNPATH_SEARCH_PATHS = "$(inherited) @executable_path/Frameworks @loader_path/Frameworks";
				PRODUCT_BUNDLE_IDENTIFIER = com.ChildrenOurFuture.PasswordMenuUITests;
				PRODUCT_NAME = "$(TARGET_NAME)";
				TEST_TARGET_NAME = PasswordMenu;
				USES_XCTRUNNER = YES;
			};
			name = Release;
		};
/* End XCBuildConfiguration section */

/* Begin XCConfigurationList section */
		B263DBF81BFB2A8200CD8D9A /* Build configuration list for PBXProject "PasswordMenu" */ = {
			isa = XCConfigurationList;
			buildConfigurations = (
				B263DC231BFB2A8200CD8D9A /* Debug */,
				B263DC241BFB2A8200CD8D9A /* Release */,
			);
			defaultConfigurationIsVisible = 0;
			defaultConfigurationName = Release;
		};
		B263DC251BFB2A8200CD8D9A /* Build configuration list for PBXNativeTarget "PasswordMenu" */ = {
			isa = XCConfigurationList;
			buildConfigurations = (
				B263DC261BFB2A8200CD8D9A /* Debug */,
				B263DC271BFB2A8200CD8D9A /* Release */,
			);
			defaultConfigurationIsVisible = 0;
			defaultConfigurationName = Release;
		};
		B263DC281BFB2A8200CD8D9A /* Build configuration list for PBXNativeTarget "PasswordMenuTests" */ = {
			isa = XCConfigurationList;
			buildConfigurations = (
				B263DC291BFB2A8200CD8D9A /* Debug */,
				B263DC2A1BFB2A8200CD8D9A /* Release */,
			);
			defaultConfigurationIsVisible = 0;
			defaultConfigurationName = Release;
		};
		B263DC2B1BFB2A8200CD8D9A /* Build configuration list for PBXNativeTarget "PasswordMenuUITests" */ = {
			isa = XCConfigurationList;
			buildConfigurations = (
				B263DC2C1BFB2A8200CD8D9A /* Debug */,
				B263DC2D1BFB2A8200CD8D9A /* Release */,
			);
			defaultConfigurationIsVisible = 0;
			defaultConfigurationName = Release;
		};
/* End XCConfigurationList section */

/* Begin XCVersionGroup section */
		B2774F1D1BFC68C3001733B3 /* Model.xcdatamodeld */ = {
			isa = XCVersionGroup;
			children = (
				B2774F1E1BFC68C3001733B3 /* Model.xcdatamodel */,
			);
			currentVersion = B2774F1E1BFC68C3001733B3 /* Model.xcdatamodel */;
			path = Model.xcdatamodeld;
			sourceTree = "<group>";
			versionGroupType = wrapper.xcdatamodel;
		};
/* End XCVersionGroup section */
	};
	rootObject = B263DBF51BFB2A8200CD8D9A /* Project object */;
}
